{
  "version": 4,
  "terraform_version": "1.1.7",
  "serial": 22,
  "lineage": "1f2d2d92-5e4a-ec90-c3e5-a3ceaa6bcbe4",
  "outputs": {},
  "resources": [
    {
      "module": "module.cluster",
      "mode": "managed",
      "type": "google_container_cluster",
      "name": "primary",
      "provider": "provider[\"registry.terraform.io/hashicorp/google\"]",
      "instances": [
        {
          "schema_version": 1,
          "attributes": {
            "addons_config": [
              {
                "cloudrun_config": [],
                "gcp_filestore_csi_driver_config": [],
                "horizontal_pod_autoscaling": [],
                "http_load_balancing": [],
                "network_policy_config": [
                  {
                    "disabled": true
                  }
                ]
              }
            ],
            "authenticator_groups_config": [],
            "cluster_autoscaling": [
              {
                "auto_provisioning_defaults": [],
                "enabled": false,
                "resource_limits": []
              }
            ],
            "cluster_ipv4_cidr": "10.0.0.0/14",
            "confidential_nodes": [],
            "database_encryption": [
              {
                "key_name": "",
                "state": "DECRYPTED"
              }
            ],
            "datapath_provider": "",
            "default_max_pods_per_node": null,
            "default_snat_status": [
              {
                "disabled": false
              }
            ],
            "description": "",
            "dns_config": [],
            "enable_autopilot": false,
            "enable_binary_authorization": false,
            "enable_intranode_visibility": false,
            "enable_kubernetes_alpha": false,
            "enable_legacy_abac": false,
            "enable_shielded_nodes": true,
            "enable_tpu": false,
            "endpoint": "34.132.166.30",
            "id": "projects/terraform-343304/locations/us-central1/clusters/my-gke-cluster",
            "initial_node_count": 1,
            "ip_allocation_policy": [],
            "label_fingerprint": "a9dc16a7",
            "location": "us-central1",
            "logging_config": [
              {
                "enable_components": [
                  "SYSTEM_COMPONENTS",
                  "WORKLOADS"
                ]
              }
            ],
            "logging_service": "logging.googleapis.com/kubernetes",
            "maintenance_policy": [],
            "master_auth": [
              {
                "client_certificate": "",
                "client_certificate_config": [
                  {
                    "issue_client_certificate": false
                  }
                ],
                "client_key": "",
                "cluster_ca_certificate": "LS0tLS1CRUdJTiBDRVJUSUZJQ0FURS0tLS0tCk1JSUVMVENDQXBXZ0F3SUJBZ0lSQU1TM1JmOCtWZWhYUldUSERKOEFBUDR3RFFZSktvWklodmNOQVFFTEJRQXcKTHpFdE1Dc0dBMVVFQXhNa1kyWXhOMk00Wm1FdE16a3hNUzAwWVRGa0xUazRaV1l0WTJJMU5EQmpZamM0WlRRegpNQ0FYRFRJeU1ETXhOREEyTkRVeU4xb1lEekl3TlRJd016QTJNRGMwTlRJM1dqQXZNUzB3S3dZRFZRUURFeVJqClpqRTNZemhtWVMwek9URXhMVFJoTVdRdE9UaGxaaTFqWWpVME1HTmlOemhsTkRNd2dnR2lNQTBHQ1NxR1NJYjMKRFFFQkFRVUFBNElCandBd2dnR0tBb0lCZ1FDV1pyVUpPZHN4REdkazF4NU5ZM3ZyeWxLU1VaUHp6ekhmVE5sTgpmT3g1L2VVczlNL1pJM0JhRThtS25NdTQyd3RpNExERWxjbVhwNGdORG4xeTZINTJSQWxDT0FjRnFNbG1mRlhrCkVKQUw1bmFldCtCZ2tGWkFtUTV6WmNmbDFqUzc5TnR1VHRPL2FGMjJSbTl4cjI4aHBjOXE0bUVEUDR1QWFTcVcKOTBMT2RPUGhmLzFPMkNnUm1idEFKblQ5OC8rNmRObnlEbEtlVURwc1NCTlp1ejM3SmhwVXRSb2tzOUhjeXd1UQpEMWpZZ09wVVFnb1NmSVhFWnkveEZObk5UdXNCNEtWcktyTGNEODh5RSsyZG5GWEZsUnN6V3lYS3BWNmFOcVRiCi9tZmNqTSs2QzFqMDVlQUk5ZkpWT3FxMFI5NHN3WmRRRlJpZFlFN0hHOXJtYTZYbUlzenU2cTg4QWFtRDF0cTQKa1gxSEQwZlY5Um5lYWRIV3V4SHBMbnVCYldGSDNFWUdzRmpnelY3bjdhUnJlSTJta1kyYjI5eUNkVW9lT01oTQo3dldCcThpWWVIVFFzdWIxT0VzTmFURzZoUm5UNlExdEJiNTU3OGdCU2RkQ1dTbzI3OENsUWl5cC9kcDFwUkRyCjFzOGFCZVRPTmhGT3U4MlVNUXhKZ2xSTXdLVUNBd0VBQWFOQ01FQXdEZ1lEVlIwUEFRSC9CQVFEQWdJRU1BOEcKQTFVZEV3RUIvd1FGTUFNQkFmOHdIUVlEVlIwT0JCWUVGSmpuVWcycG5jYVkxNjR0SVV2WjdQbnYvWXgxTUEwRwpDU3FHU0liM0RRRUJDd1VBQTRJQmdRQm9qS2hSTjY4THg3RHBKNGRjNll3cEpYK3lVYjB2N2xGd3F0OVN3aHNFCk9ISHZVWFRoT1RZZTU2K3JQSEhkRnMzYlpQMGFPdXBINE1PNXhEN1RLeWtOOEZyQi9wK3g0M29XcEYrZ3ZGemEKdDJNM01HNzNBUHh0TXVKQW9MY1ArTEg1OERjN0cwL3dpKzdUQzViOTd1ZVJPUlYzbGxlK3dyNnBNQ1ozc2lPagpzT2FScUV4WXdiSjJ6K1cyb3dSSTdSQzA5Nk1FOEZoTlFQekhTVFY2NzZtcGVKcjNMNlRJSUNHRDhmRFd6b1Z5CnJBbVVRT2hYeFRpNE8yaUV6bHZ5WEtoUTZLTENLcHpRT3dzZS81ek5ZZEptOUcvY01uaWc4TlRaQU1VTzVjK2oKR3h1SjhVZW93d20xY0hjMmRwTnVaMVJGZzFHdlI4ZnE0TVBpVzJxeDBvb1R6ZCtEaUtFN3k3aHdIeHJTZVRRaApKa2pobm9GWERNZmFObExDYzVEcnlRVjR3cWVOUlZlQUlMS0UyRVdjQmdZN01zcktZTVB3Y3hJd1NjNkFrVjlyCmhBaExvV2xKOEo0cHB2ZWdiamZDcVlaaW5yNElMem1YU2tNUGpXbVp2cTVyYVlDWTZOSjJQRmNzTmRXVG5QNXkKT2dUQVQ1T1YxN29sK2xvUkcyZmh6R1E9Ci0tLS0tRU5EIENFUlRJRklDQVRFLS0tLS0K"
              }
            ],
            "master_authorized_networks_config": [],
            "master_version": "1.21.6-gke.1503",
            "min_master_version": null,
            "monitoring_config": [
              {
                "enable_components": [
                  "SYSTEM_COMPONENTS"
                ]
              }
            ],
            "monitoring_service": "monitoring.googleapis.com/kubernetes",
            "name": "my-gke-cluster",
            "network": "projects/terraform-343304/global/networks/default",
            "network_policy": [
              {
                "enabled": false,
                "provider": "PROVIDER_UNSPECIFIED"
              }
            ],
            "networking_mode": "ROUTES",
            "node_config": [],
            "node_locations": [
              "us-central1-a",
              "us-central1-b",
              "us-central1-c"
            ],
            "node_pool": [],
            "node_version": "1.21.6-gke.1503",
            "operation": null,
            "private_cluster_config": [],
            "private_ipv6_google_access": "",
            "project": "terraform-343304",
            "release_channel": [
              {
                "channel": "REGULAR"
              }
            ],
            "remove_default_node_pool": true,
            "resource_labels": null,
            "resource_usage_export_config": [],
            "self_link": "https://container.googleapis.com/v1/projects/terraform-343304/locations/us-central1/clusters/my-gke-cluster",
            "services_ipv4_cidr": "10.3.240.0/20",
            "subnetwork": "projects/terraform-343304/regions/us-central1/subnetworks/default",
            "timeouts": null,
            "tpu_ipv4_cidr_block": "",
            "vertical_pod_autoscaling": [],
            "workload_identity_config": []
          },
          "sensitive_attributes": [],
          "private": "eyJlMmJmYjczMC1lY2FhLTExZTYtOGY4OC0zNDM2M2JjN2M0YzAiOnsiY3JlYXRlIjoyNDAwMDAwMDAwMDAwLCJkZWxldGUiOjI0MDAwMDAwMDAwMDAsInJlYWQiOjI0MDAwMDAwMDAwMDAsInVwZGF0ZSI6MzYwMDAwMDAwMDAwMH0sInNjaGVtYV92ZXJzaW9uIjoiMSJ9"
        }
      ]
    },
    {
      "module": "module.cluster",
      "mode": "managed",
      "type": "google_container_node_pool",
      "name": "primary_preemptible_nodes",
      "provider": "provider[\"registry.terraform.io/hashicorp/google\"]",
      "instances": [
        {
          "schema_version": 1,
          "attributes": {
            "autoscaling": [],
            "cluster": "projects/terraform-343304/locations/us-central1/clusters/my-gke-cluster",
            "id": "projects/terraform-343304/locations/us-central1/clusters/my-gke-cluster/nodePools/my-node-pool",
            "initial_node_count": 1,
            "instance_group_urls": [
              "https://www.googleapis.com/compute/v1/projects/terraform-343304/zones/us-central1-b/instanceGroupManagers/gke-my-gke-cluster-my-node-pool-1313e7ca-grp",
              "https://www.googleapis.com/compute/v1/projects/terraform-343304/zones/us-central1-a/instanceGroupManagers/gke-my-gke-cluster-my-node-pool-5160b6d9-grp",
              "https://www.googleapis.com/compute/v1/projects/terraform-343304/zones/us-central1-c/instanceGroupManagers/gke-my-gke-cluster-my-node-pool-40d30945-grp"
            ],
            "location": "us-central1",
            "managed_instance_group_urls": [
              "https://www.googleapis.com/compute/v1/projects/terraform-343304/zones/us-central1-b/instanceGroups/gke-my-gke-cluster-my-node-pool-1313e7ca-grp",
              "https://www.googleapis.com/compute/v1/projects/terraform-343304/zones/us-central1-a/instanceGroups/gke-my-gke-cluster-my-node-pool-5160b6d9-grp",
              "https://www.googleapis.com/compute/v1/projects/terraform-343304/zones/us-central1-c/instanceGroups/gke-my-gke-cluster-my-node-pool-40d30945-grp"
            ],
            "management": [
              {
                "auto_repair": true,
                "auto_upgrade": true
              }
            ],
            "max_pods_per_node": null,
            "name": "my-node-pool",
            "name_prefix": "",
            "node_config": [
              {
                "boot_disk_kms_key": "",
                "disk_size_gb": 100,
                "disk_type": "pd-standard",
                "gcfs_config": [],
                "guest_accelerator": [],
                "image_type": "COS_CONTAINERD",
                "labels": {},
                "local_ssd_count": 0,
                "machine_type": "e2-micro",
                "metadata": {
                  "disable-legacy-endpoints": "true"
                },
                "min_cpu_platform": "",
                "node_group": "",
                "oauth_scopes": [
                  "https://www.googleapis.com/auth/cloud-platform"
                ],
                "preemptible": true,
                "service_account": "service-account-id@terraform-343304.iam.gserviceaccount.com",
                "shielded_instance_config": [
                  {
                    "enable_integrity_monitoring": true,
                    "enable_secure_boot": false
                  }
                ],
                "tags": null,
                "taint": [],
                "workload_metadata_config": []
              }
            ],
            "node_count": 1,
            "node_locations": [
              "us-central1-a",
              "us-central1-b",
              "us-central1-c"
            ],
            "operation": null,
            "project": "terraform-343304",
            "timeouts": null,
            "upgrade_settings": [
              {
                "max_surge": 1,
                "max_unavailable": 0
              }
            ],
            "version": "1.21.6-gke.1503"
          },
          "sensitive_attributes": [],
          "private": "eyJlMmJmYjczMC1lY2FhLTExZTYtOGY4OC0zNDM2M2JjN2M0YzAiOnsiY3JlYXRlIjoxODAwMDAwMDAwMDAwLCJkZWxldGUiOjE4MDAwMDAwMDAwMDAsInVwZGF0ZSI6MTgwMDAwMDAwMDAwMH0sInNjaGVtYV92ZXJzaW9uIjoiMSJ9",
          "dependencies": [
            "module.cluster.google_container_cluster.primary",
            "module.cluster.google_service_account.default"
          ]
        }
      ]
    },
    {
      "module": "module.cluster",
      "mode": "managed",
      "type": "google_service_account",
      "name": "default",
      "provider": "provider[\"registry.terraform.io/hashicorp/google\"]",
      "instances": [
        {
          "schema_version": 0,
          "attributes": {
            "account_id": "service-account-id",
            "description": "",
            "disabled": false,
            "display_name": "Service Account",
            "email": "service-account-id@terraform-343304.iam.gserviceaccount.com",
            "id": "projects/terraform-343304/serviceAccounts/service-account-id@terraform-343304.iam.gserviceaccount.com",
            "name": "projects/terraform-343304/serviceAccounts/service-account-id@terraform-343304.iam.gserviceaccount.com",
            "project": "terraform-343304",
            "timeouts": null,
            "unique_id": "100488541652853571708"
          },
          "sensitive_attributes": [],
          "private": "eyJlMmJmYjczMC1lY2FhLTExZTYtOGY4OC0zNDM2M2JjN2M0YzAiOnsiY3JlYXRlIjozMDAwMDAwMDAwMDB9fQ=="
        }
      ]
    }
  ]
}
